
Microsoft Visual Studio Solution File, Format Version 12.00
# Visual Studio Version 16
VisualStudioVersion = 16.0.29306.81
MinimumVisualStudioVersion = 10.0.40219.1
Project("{FAE04EC0-301F-11D3-BF4B-00C04F79EFBC}") = "Client_Core", "Client_Core\Client_Core.csproj", "{F75EE354-AE69-4196-B432-92B80DE433C3}"
EndProject
Project("{FAE04EC0-301F-11D3-BF4B-00C04F79EFBC}") = "Sync-DB", "Sync-DB\Sync-DB.csproj", "{23009608-ECE4-4E15-B9FE-398CCC5BB9A9}"
EndProject
Global
	GlobalSection(SolutionConfigurationPlatforms) = preSolution
		Debug|Any CPU = Debug|Any CPU
		Release|Any CPU = Release|Any CPU
	EndGlobalSection
	GlobalSection(ProjectConfigurationPlatforms) = postSolution
		{F75EE354-AE69-4196-B432-92B80DE433C3}.Debug|Any CPU.ActiveCfg = Debug|Any CPU
		{F75EE354-AE69-4196-B432-92B80DE433C3}.Debug|Any CPU.Build.0 = Debug|Any CPU
		{F75EE354-AE69-4196-B432-92B80DE433C3}.Release|Any CPU.ActiveCfg = Release|Any CPU
		{F75EE354-AE69-4196-B432-92B80DE433C3}.Release|Any CPU.Build.0 = Release|Any CPU
		{23009608-ECE4-4E15-B9FE-398CCC5BB9A9}.Debug|Any CPU.ActiveCfg = Debug|Any CPU
		{23009608-ECE4-4E15-B9FE-398CCC5BB9A9}.Debug|Any CPU.Build.0 = Debug|Any CPU
		{23009608-ECE4-4E15-B9FE-398CCC5BB9A9}.Release|Any CPU.ActiveCfg = Release|Any CPU
		{23009608-ECE4-4E15-B9FE-398CCC5BB9A9}.Release|Any CPU.Build.0 = Release|Any CPU
	EndGlobalSection
	GlobalSection(SolutionProperties) = preSolution
		HideSolutionNode = FALSE
	EndGlobalSection
	GlobalSection(ExtensibilityGlobals) = postSolution
		SolutionGuid = {4981E3A5-ED69-47A2-B338-8823B063AFE5}
	EndGlobalSection
EndGlobal
